
Microsoft Visual Studio Solution File, Format Version 12.00
# Visual Studio 15
VisualStudioVersion = 15.0.26124.0
MinimumVisualStudioVersion = 15.0.26124.0
Project("{FAE04EC0-301F-11D3-BF4B-00C04F79EFBC}") = "CostJanitor.Domain", "CostJanitor.Domain\CostJanitor.Domain.csproj", "{506DC1D8-AD92-4693-8D79-9053A21AF753}"
EndProject
Project("{FAE04EC0-301F-11D3-BF4B-00C04F79EFBC}") = "CostJanitor.Infrastructure", "CostJanitor.Infrastructure\CostJanitor.Infrastructure.csproj", "{6D4E7E4C-AD76-4896-A670-5E3948056A75}"
EndProject
Project("{FAE04EC0-301F-11D3-BF4B-00C04F79EFBC}") = "CostJanitor.Application", "CostJanitor.Application\CostJanitor.Application.csproj", "{9A5585E6-04F6-4EC9-9C0C-071517C4949F}"
EndProject
Project("{FAE04EC0-301F-11D3-BF4B-00C04F79EFBC}") = "CostJanitor.Host.Api", "CostJanitor.Host.Api\CostJanitor.Host.Api.csproj", "{1448EA28-9187-424D-AEC7-C2552611ED7F}"
EndProject
Global
	GlobalSection(SolutionConfigurationPlatforms) = preSolution
		Debug|Any CPU = Debug|Any CPU
		Debug|x64 = Debug|x64
		Debug|x86 = Debug|x86
		Release|Any CPU = Release|Any CPU
		Release|x64 = Release|x64
		Release|x86 = Release|x86
	EndGlobalSection
	GlobalSection(SolutionProperties) = preSolution
		HideSolutionNode = FALSE
	EndGlobalSection
	GlobalSection(ProjectConfigurationPlatforms) = postSolution
		{506DC1D8-AD92-4693-8D79-9053A21AF753}.Debug|Any CPU.ActiveCfg = Debug|Any CPU
		{506DC1D8-AD92-4693-8D79-9053A21AF753}.Debug|Any CPU.Build.0 = Debug|Any CPU
		{506DC1D8-AD92-4693-8D79-9053A21AF753}.Debug|x64.ActiveCfg = Debug|Any CPU
		{506DC1D8-AD92-4693-8D79-9053A21AF753}.Debug|x64.Build.0 = Debug|Any CPU
		{506DC1D8-AD92-4693-8D79-9053A21AF753}.Debug|x86.ActiveCfg = Debug|Any CPU
		{506DC1D8-AD92-4693-8D79-9053A21AF753}.Debug|x86.Build.0 = Debug|Any CPU
		{506DC1D8-AD92-4693-8D79-9053A21AF753}.Release|Any CPU.ActiveCfg = Release|Any CPU
		{506DC1D8-AD92-4693-8D79-9053A21AF753}.Release|Any CPU.Build.0 = Release|Any CPU
		{506DC1D8-AD92-4693-8D79-9053A21AF753}.Release|x64.ActiveCfg = Release|Any CPU
		{506DC1D8-AD92-4693-8D79-9053A21AF753}.Release|x64.Build.0 = Release|Any CPU
		{506DC1D8-AD92-4693-8D79-9053A21AF753}.Release|x86.ActiveCfg = Release|Any CPU
		{506DC1D8-AD92-4693-8D79-9053A21AF753}.Release|x86.Build.0 = Release|Any CPU
		{6D4E7E4C-AD76-4896-A670-5E3948056A75}.Debug|Any CPU.ActiveCfg = Debug|Any CPU
		{6D4E7E4C-AD76-4896-A670-5E3948056A75}.Debug|Any CPU.Build.0 = Debug|Any CPU
		{6D4E7E4C-AD76-4896-A670-5E3948056A75}.Debug|x64.ActiveCfg = Debug|Any CPU
		{6D4E7E4C-AD76-4896-A670-5E3948056A75}.Debug|x64.Build.0 = Debug|Any CPU
		{6D4E7E4C-AD76-4896-A670-5E3948056A75}.Debug|x86.ActiveCfg = Debug|Any CPU
		{6D4E7E4C-AD76-4896-A670-5E3948056A75}.Debug|x86.Build.0 = Debug|Any CPU
		{6D4E7E4C-AD76-4896-A670-5E3948056A75}.Release|Any CPU.ActiveCfg = Release|Any CPU
		{6D4E7E4C-AD76-4896-A670-5E3948056A75}.Release|Any CPU.Build.0 = Release|Any CPU
		{6D4E7E4C-AD76-4896-A670-5E3948056A75}.Release|x64.ActiveCfg = Release|Any CPU
		{6D4E7E4C-AD76-4896-A670-5E3948056A75}.Release|x64.Build.0 = Release|Any CPU
		{6D4E7E4C-AD76-4896-A670-5E3948056A75}.Release|x86.ActiveCfg = Release|Any CPU
		{6D4E7E4C-AD76-4896-A670-5E3948056A75}.Release|x86.Build.0 = Release|Any CPU
		{9A5585E6-04F6-4EC9-9C0C-071517C4949F}.Debug|Any CPU.ActiveCfg = Debug|Any CPU
		{9A5585E6-04F6-4EC9-9C0C-071517C4949F}.Debug|Any CPU.Build.0 = Debug|Any CPU
		{9A5585E6-04F6-4EC9-9C0C-071517C4949F}.Debug|x64.ActiveCfg = Debug|Any CPU
		{9A5585E6-04F6-4EC9-9C0C-071517C4949F}.Debug|x64.Build.0 = Debug|Any CPU
		{9A5585E6-04F6-4EC9-9C0C-071517C4949F}.Debug|x86.ActiveCfg = Debug|Any CPU
		{9A5585E6-04F6-4EC9-9C0C-071517C4949F}.Debug|x86.Build.0 = Debug|Any CPU
		{9A5585E6-04F6-4EC9-9C0C-071517C4949F}.Release|Any CPU.ActiveCfg = Release|Any CPU
		{9A5585E6-04F6-4EC9-9C0C-071517C4949F}.Release|Any CPU.Build.0 = Release|Any CPU
		{9A5585E6-04F6-4EC9-9C0C-071517C4949F}.Release|x64.ActiveCfg = Release|Any CPU
		{9A5585E6-04F6-4EC9-9C0C-071517C4949F}.Release|x64.Build.0 = Release|Any CPU
		{9A5585E6-04F6-4EC9-9C0C-071517C4949F}.Release|x86.ActiveCfg = Release|Any CPU
		{9A5585E6-04F6-4EC9-9C0C-071517C4949F}.Release|x86.Build.0 = Release|Any CPU
		{1448EA28-9187-424D-AEC7-C2552611ED7F}.Debug|Any CPU.ActiveCfg = Debug|Any CPU
		{1448EA28-9187-424D-AEC7-C2552611ED7F}.Debug|Any CPU.Build.0 = Debug|Any CPU
		{1448EA28-9187-424D-AEC7-C2552611ED7F}.Debug|x64.ActiveCfg = Debug|Any CPU
		{1448EA28-9187-424D-AEC7-C2552611ED7F}.Debug|x64.Build.0 = Debug|Any CPU
		{1448EA28-9187-424D-AEC7-C2552611ED7F}.Debug|x86.ActiveCfg = Debug|Any CPU
		{1448EA28-9187-424D-AEC7-C2552611ED7F}.Debug|x86.Build.0 = Debug|Any CPU
		{1448EA28-9187-424D-AEC7-C2552611ED7F}.Release|Any CPU.ActiveCfg = Release|Any CPU
		{1448EA28-9187-424D-AEC7-C2552611ED7F}.Release|Any CPU.Build.0 = Release|Any CPU
		{1448EA28-9187-424D-AEC7-C2552611ED7F}.Release|x64.ActiveCfg = Release|Any CPU
		{1448EA28-9187-424D-AEC7-C2552611ED7F}.Release|x64.Build.0 = Release|Any CPU
		{1448EA28-9187-424D-AEC7-C2552611ED7F}.Release|x86.ActiveCfg = Release|Any CPU
		{1448EA28-9187-424D-AEC7-C2552611ED7F}.Release|x86.Build.0 = Release|Any CPU
	EndGlobalSection
EndGlobal
