
Microsoft Visual Studio Solution File, Format Version 12.00
# Visual Studio Version 16
VisualStudioVersion = 16.0.30907.101
MinimumVisualStudioVersion = 15.0.26124.0
Project("{9A19103F-16F7-4668-BE54-9A1E7A4F7556}") = "CostJanitor.Domain", "CostJanitor.Domain\CostJanitor.Domain.csproj", "{506DC1D8-AD92-4693-8D79-9053A21AF753}"
EndProject
Project("{9A19103F-16F7-4668-BE54-9A1E7A4F7556}") = "CostJanitor.Infrastructure", "CostJanitor.Infrastructure\CostJanitor.Infrastructure.csproj", "{6D4E7E4C-AD76-4896-A670-5E3948056A75}"
EndProject
Project("{9A19103F-16F7-4668-BE54-9A1E7A4F7556}") = "CostJanitor.Application", "CostJanitor.Application\CostJanitor.Application.csproj", "{9A5585E6-04F6-4EC9-9C0C-071517C4949F}"
EndProject
Project("{9A19103F-16F7-4668-BE54-9A1E7A4F7556}") = "CostJanitor.Host.Api", "CostJanitor.Host.Api\CostJanitor.Host.Api.csproj", "{1448EA28-9187-424D-AEC7-C2552611ED7F}"
EndProject
Project("{2150E333-8FDC-42A3-9474-1A3956D46DE8}") = ".test", ".test", "{76BD9728-CE1B-4E5B-B132-0D631787F5FA}"
EndProject
Project("{9A19103F-16F7-4668-BE54-9A1E7A4F7556}") = "CostJanitor.Application.UnitTest", "CostJanitor.Application.UnitTest\CostJanitor.Application.UnitTest.csproj", "{967785CC-42D7-4259-832A-6E39AEA18E91}"
EndProject
Project("{9A19103F-16F7-4668-BE54-9A1E7A4F7556}") = "CostJanitor.Domain.UnitTest", "CostJanitor.Domain.UnitTest\CostJanitor.Domain.UnitTest.csproj", "{9BF7E2ED-825E-4E2A-B11B-52BEDF7F9AAA}"
EndProject
Project("{9A19103F-16F7-4668-BE54-9A1E7A4F7556}") = "CostJanitor.Infrastructure.UnitTest", "CostJanitor.Infrastructure.UnitTest\CostJanitor.Infrastructure.UnitTest.csproj", "{A5F7492F-F73C-4294-BA87-BFD0FF41AF0C}"
EndProject
Project("{9A19103F-16F7-4668-BE54-9A1E7A4F7556}") = "CostJanitor.Infrastructure.IntegrationTest", "CostJanitor.Infrastructure.IntegrationTest\CostJanitor.Infrastructure.IntegrationTest.csproj", "{D068EE00-7272-4508-BBA8-24D58339C800}"
EndProject
Project("{9A19103F-16F7-4668-BE54-9A1E7A4F7556}") = "CostJanitor.Host.EventConsumer", "CostJanitor.Host.EventConsumer\CostJanitor.Host.EventConsumer.csproj", "{2FDCB140-8B41-49B4-B20C-684F70A9D3FC}"
EndProject
Project("{2150E333-8FDC-42A3-9474-1A3956D46DE8}") = "Hosts", "Hosts", "{144AC6F4-3633-45F3-BCAA-B91023CAB636}"
EndProject
Project("{2150E333-8FDC-42A3-9474-1A3956D46DE8}") = "Apis", "Apis", "{19D8B07C-FE7A-4D34-9407-A9D435D005B8}"
EndProject
Project("{2150E333-8FDC-42A3-9474-1A3956D46DE8}") = "Services", "Services", "{6B2AC1FF-CDE7-449C-98B8-061A5F5CE954}"
EndProject
Global
	GlobalSection(SolutionConfigurationPlatforms) = preSolution
		Debug|Any CPU = Debug|Any CPU
		Debug|x64 = Debug|x64
		Debug|x86 = Debug|x86
		Release|Any CPU = Release|Any CPU
		Release|x64 = Release|x64
		Release|x86 = Release|x86
	EndGlobalSection
	GlobalSection(ProjectConfigurationPlatforms) = postSolution
		{506DC1D8-AD92-4693-8D79-9053A21AF753}.Debug|Any CPU.ActiveCfg = Debug|Any CPU
		{506DC1D8-AD92-4693-8D79-9053A21AF753}.Debug|Any CPU.Build.0 = Debug|Any CPU
		{506DC1D8-AD92-4693-8D79-9053A21AF753}.Debug|x64.ActiveCfg = Debug|Any CPU
		{506DC1D8-AD92-4693-8D79-9053A21AF753}.Debug|x64.Build.0 = Debug|Any CPU
		{506DC1D8-AD92-4693-8D79-9053A21AF753}.Debug|x86.ActiveCfg = Debug|Any CPU
		{506DC1D8-AD92-4693-8D79-9053A21AF753}.Debug|x86.Build.0 = Debug|Any CPU
		{506DC1D8-AD92-4693-8D79-9053A21AF753}.Release|Any CPU.ActiveCfg = Release|Any CPU
		{506DC1D8-AD92-4693-8D79-9053A21AF753}.Release|Any CPU.Build.0 = Release|Any CPU
		{506DC1D8-AD92-4693-8D79-9053A21AF753}.Release|x64.ActiveCfg = Release|Any CPU
		{506DC1D8-AD92-4693-8D79-9053A21AF753}.Release|x64.Build.0 = Release|Any CPU
		{506DC1D8-AD92-4693-8D79-9053A21AF753}.Release|x86.ActiveCfg = Release|Any CPU
		{506DC1D8-AD92-4693-8D79-9053A21AF753}.Release|x86.Build.0 = Release|Any CPU
		{6D4E7E4C-AD76-4896-A670-5E3948056A75}.Debug|Any CPU.ActiveCfg = Debug|Any CPU
		{6D4E7E4C-AD76-4896-A670-5E3948056A75}.Debug|Any CPU.Build.0 = Debug|Any CPU
		{6D4E7E4C-AD76-4896-A670-5E3948056A75}.Debug|x64.ActiveCfg = Debug|Any CPU
		{6D4E7E4C-AD76-4896-A670-5E3948056A75}.Debug|x64.Build.0 = Debug|Any CPU
		{6D4E7E4C-AD76-4896-A670-5E3948056A75}.Debug|x86.ActiveCfg = Debug|Any CPU
		{6D4E7E4C-AD76-4896-A670-5E3948056A75}.Debug|x86.Build.0 = Debug|Any CPU
		{6D4E7E4C-AD76-4896-A670-5E3948056A75}.Release|Any CPU.ActiveCfg = Release|Any CPU
		{6D4E7E4C-AD76-4896-A670-5E3948056A75}.Release|Any CPU.Build.0 = Release|Any CPU
		{6D4E7E4C-AD76-4896-A670-5E3948056A75}.Release|x64.ActiveCfg = Release|Any CPU
		{6D4E7E4C-AD76-4896-A670-5E3948056A75}.Release|x64.Build.0 = Release|Any CPU
		{6D4E7E4C-AD76-4896-A670-5E3948056A75}.Release|x86.ActiveCfg = Release|Any CPU
		{6D4E7E4C-AD76-4896-A670-5E3948056A75}.Release|x86.Build.0 = Release|Any CPU
		{9A5585E6-04F6-4EC9-9C0C-071517C4949F}.Debug|Any CPU.ActiveCfg = Debug|Any CPU
		{9A5585E6-04F6-4EC9-9C0C-071517C4949F}.Debug|Any CPU.Build.0 = Debug|Any CPU
		{9A5585E6-04F6-4EC9-9C0C-071517C4949F}.Debug|x64.ActiveCfg = Debug|Any CPU
		{9A5585E6-04F6-4EC9-9C0C-071517C4949F}.Debug|x64.Build.0 = Debug|Any CPU
		{9A5585E6-04F6-4EC9-9C0C-071517C4949F}.Debug|x86.ActiveCfg = Debug|Any CPU
		{9A5585E6-04F6-4EC9-9C0C-071517C4949F}.Debug|x86.Build.0 = Debug|Any CPU
		{9A5585E6-04F6-4EC9-9C0C-071517C4949F}.Release|Any CPU.ActiveCfg = Release|Any CPU
		{9A5585E6-04F6-4EC9-9C0C-071517C4949F}.Release|Any CPU.Build.0 = Release|Any CPU
		{9A5585E6-04F6-4EC9-9C0C-071517C4949F}.Release|x64.ActiveCfg = Release|Any CPU
		{9A5585E6-04F6-4EC9-9C0C-071517C4949F}.Release|x64.Build.0 = Release|Any CPU
		{9A5585E6-04F6-4EC9-9C0C-071517C4949F}.Release|x86.ActiveCfg = Release|Any CPU
		{9A5585E6-04F6-4EC9-9C0C-071517C4949F}.Release|x86.Build.0 = Release|Any CPU
		{1448EA28-9187-424D-AEC7-C2552611ED7F}.Debug|Any CPU.ActiveCfg = Debug|Any CPU
		{1448EA28-9187-424D-AEC7-C2552611ED7F}.Debug|Any CPU.Build.0 = Debug|Any CPU
		{1448EA28-9187-424D-AEC7-C2552611ED7F}.Debug|x64.ActiveCfg = Debug|Any CPU
		{1448EA28-9187-424D-AEC7-C2552611ED7F}.Debug|x64.Build.0 = Debug|Any CPU
		{1448EA28-9187-424D-AEC7-C2552611ED7F}.Debug|x86.ActiveCfg = Debug|Any CPU
		{1448EA28-9187-424D-AEC7-C2552611ED7F}.Debug|x86.Build.0 = Debug|Any CPU
		{1448EA28-9187-424D-AEC7-C2552611ED7F}.Release|Any CPU.ActiveCfg = Release|Any CPU
		{1448EA28-9187-424D-AEC7-C2552611ED7F}.Release|Any CPU.Build.0 = Release|Any CPU
		{1448EA28-9187-424D-AEC7-C2552611ED7F}.Release|x64.ActiveCfg = Release|Any CPU
		{1448EA28-9187-424D-AEC7-C2552611ED7F}.Release|x64.Build.0 = Release|Any CPU
		{1448EA28-9187-424D-AEC7-C2552611ED7F}.Release|x86.ActiveCfg = Release|Any CPU
		{1448EA28-9187-424D-AEC7-C2552611ED7F}.Release|x86.Build.0 = Release|Any CPU
		{967785CC-42D7-4259-832A-6E39AEA18E91}.Debug|Any CPU.ActiveCfg = Debug|Any CPU
		{967785CC-42D7-4259-832A-6E39AEA18E91}.Debug|Any CPU.Build.0 = Debug|Any CPU
		{967785CC-42D7-4259-832A-6E39AEA18E91}.Debug|x64.ActiveCfg = Debug|Any CPU
		{967785CC-42D7-4259-832A-6E39AEA18E91}.Debug|x64.Build.0 = Debug|Any CPU
		{967785CC-42D7-4259-832A-6E39AEA18E91}.Debug|x86.ActiveCfg = Debug|Any CPU
		{967785CC-42D7-4259-832A-6E39AEA18E91}.Debug|x86.Build.0 = Debug|Any CPU
		{967785CC-42D7-4259-832A-6E39AEA18E91}.Release|Any CPU.ActiveCfg = Release|Any CPU
		{967785CC-42D7-4259-832A-6E39AEA18E91}.Release|Any CPU.Build.0 = Release|Any CPU
		{967785CC-42D7-4259-832A-6E39AEA18E91}.Release|x64.ActiveCfg = Release|Any CPU
		{967785CC-42D7-4259-832A-6E39AEA18E91}.Release|x64.Build.0 = Release|Any CPU
		{967785CC-42D7-4259-832A-6E39AEA18E91}.Release|x86.ActiveCfg = Release|Any CPU
		{967785CC-42D7-4259-832A-6E39AEA18E91}.Release|x86.Build.0 = Release|Any CPU
		{9BF7E2ED-825E-4E2A-B11B-52BEDF7F9AAA}.Debug|Any CPU.ActiveCfg = Debug|Any CPU
		{9BF7E2ED-825E-4E2A-B11B-52BEDF7F9AAA}.Debug|Any CPU.Build.0 = Debug|Any CPU
		{9BF7E2ED-825E-4E2A-B11B-52BEDF7F9AAA}.Debug|x64.ActiveCfg = Debug|Any CPU
		{9BF7E2ED-825E-4E2A-B11B-52BEDF7F9AAA}.Debug|x64.Build.0 = Debug|Any CPU
		{9BF7E2ED-825E-4E2A-B11B-52BEDF7F9AAA}.Debug|x86.ActiveCfg = Debug|Any CPU
		{9BF7E2ED-825E-4E2A-B11B-52BEDF7F9AAA}.Debug|x86.Build.0 = Debug|Any CPU
		{9BF7E2ED-825E-4E2A-B11B-52BEDF7F9AAA}.Release|Any CPU.ActiveCfg = Release|Any CPU
		{9BF7E2ED-825E-4E2A-B11B-52BEDF7F9AAA}.Release|Any CPU.Build.0 = Release|Any CPU
		{9BF7E2ED-825E-4E2A-B11B-52BEDF7F9AAA}.Release|x64.ActiveCfg = Release|Any CPU
		{9BF7E2ED-825E-4E2A-B11B-52BEDF7F9AAA}.Release|x64.Build.0 = Release|Any CPU
		{9BF7E2ED-825E-4E2A-B11B-52BEDF7F9AAA}.Release|x86.ActiveCfg = Release|Any CPU
		{9BF7E2ED-825E-4E2A-B11B-52BEDF7F9AAA}.Release|x86.Build.0 = Release|Any CPU
		{A5F7492F-F73C-4294-BA87-BFD0FF41AF0C}.Debug|Any CPU.ActiveCfg = Debug|Any CPU
		{A5F7492F-F73C-4294-BA87-BFD0FF41AF0C}.Debug|Any CPU.Build.0 = Debug|Any CPU
		{A5F7492F-F73C-4294-BA87-BFD0FF41AF0C}.Debug|x64.ActiveCfg = Debug|Any CPU
		{A5F7492F-F73C-4294-BA87-BFD0FF41AF0C}.Debug|x64.Build.0 = Debug|Any CPU
		{A5F7492F-F73C-4294-BA87-BFD0FF41AF0C}.Debug|x86.ActiveCfg = Debug|Any CPU
		{A5F7492F-F73C-4294-BA87-BFD0FF41AF0C}.Debug|x86.Build.0 = Debug|Any CPU
		{A5F7492F-F73C-4294-BA87-BFD0FF41AF0C}.Release|Any CPU.ActiveCfg = Release|Any CPU
		{A5F7492F-F73C-4294-BA87-BFD0FF41AF0C}.Release|Any CPU.Build.0 = Release|Any CPU
		{A5F7492F-F73C-4294-BA87-BFD0FF41AF0C}.Release|x64.ActiveCfg = Release|Any CPU
		{A5F7492F-F73C-4294-BA87-BFD0FF41AF0C}.Release|x64.Build.0 = Release|Any CPU
		{A5F7492F-F73C-4294-BA87-BFD0FF41AF0C}.Release|x86.ActiveCfg = Release|Any CPU
		{A5F7492F-F73C-4294-BA87-BFD0FF41AF0C}.Release|x86.Build.0 = Release|Any CPU
		{D068EE00-7272-4508-BBA8-24D58339C800}.Debug|Any CPU.ActiveCfg = Debug|Any CPU
		{D068EE00-7272-4508-BBA8-24D58339C800}.Debug|Any CPU.Build.0 = Debug|Any CPU
		{D068EE00-7272-4508-BBA8-24D58339C800}.Debug|x64.ActiveCfg = Debug|Any CPU
		{D068EE00-7272-4508-BBA8-24D58339C800}.Debug|x64.Build.0 = Debug|Any CPU
		{D068EE00-7272-4508-BBA8-24D58339C800}.Debug|x86.ActiveCfg = Debug|Any CPU
		{D068EE00-7272-4508-BBA8-24D58339C800}.Debug|x86.Build.0 = Debug|Any CPU
		{D068EE00-7272-4508-BBA8-24D58339C800}.Release|Any CPU.ActiveCfg = Release|Any CPU
		{D068EE00-7272-4508-BBA8-24D58339C800}.Release|Any CPU.Build.0 = Release|Any CPU
		{D068EE00-7272-4508-BBA8-24D58339C800}.Release|x64.ActiveCfg = Release|Any CPU
		{D068EE00-7272-4508-BBA8-24D58339C800}.Release|x64.Build.0 = Release|Any CPU
		{D068EE00-7272-4508-BBA8-24D58339C800}.Release|x86.ActiveCfg = Release|Any CPU
		{D068EE00-7272-4508-BBA8-24D58339C800}.Release|x86.Build.0 = Release|Any CPU
		{2FDCB140-8B41-49B4-B20C-684F70A9D3FC}.Debug|Any CPU.ActiveCfg = Debug|Any CPU
		{2FDCB140-8B41-49B4-B20C-684F70A9D3FC}.Debug|Any CPU.Build.0 = Debug|Any CPU
		{2FDCB140-8B41-49B4-B20C-684F70A9D3FC}.Debug|x64.ActiveCfg = Debug|Any CPU
		{2FDCB140-8B41-49B4-B20C-684F70A9D3FC}.Debug|x64.Build.0 = Debug|Any CPU
		{2FDCB140-8B41-49B4-B20C-684F70A9D3FC}.Debug|x86.ActiveCfg = Debug|Any CPU
		{2FDCB140-8B41-49B4-B20C-684F70A9D3FC}.Debug|x86.Build.0 = Debug|Any CPU
		{2FDCB140-8B41-49B4-B20C-684F70A9D3FC}.Release|Any CPU.ActiveCfg = Release|Any CPU
		{2FDCB140-8B41-49B4-B20C-684F70A9D3FC}.Release|Any CPU.Build.0 = Release|Any CPU
		{2FDCB140-8B41-49B4-B20C-684F70A9D3FC}.Release|x64.ActiveCfg = Release|Any CPU
		{2FDCB140-8B41-49B4-B20C-684F70A9D3FC}.Release|x64.Build.0 = Release|Any CPU
		{2FDCB140-8B41-49B4-B20C-684F70A9D3FC}.Release|x86.ActiveCfg = Release|Any CPU
		{2FDCB140-8B41-49B4-B20C-684F70A9D3FC}.Release|x86.Build.0 = Release|Any CPU
	EndGlobalSection
	GlobalSection(SolutionProperties) = preSolution
		HideSolutionNode = FALSE
	EndGlobalSection
	GlobalSection(NestedProjects) = preSolution
		{1448EA28-9187-424D-AEC7-C2552611ED7F} = {19D8B07C-FE7A-4D34-9407-A9D435D005B8}
		{967785CC-42D7-4259-832A-6E39AEA18E91} = {76BD9728-CE1B-4E5B-B132-0D631787F5FA}
		{9BF7E2ED-825E-4E2A-B11B-52BEDF7F9AAA} = {76BD9728-CE1B-4E5B-B132-0D631787F5FA}
		{A5F7492F-F73C-4294-BA87-BFD0FF41AF0C} = {76BD9728-CE1B-4E5B-B132-0D631787F5FA}
		{D068EE00-7272-4508-BBA8-24D58339C800} = {76BD9728-CE1B-4E5B-B132-0D631787F5FA}
		{2FDCB140-8B41-49B4-B20C-684F70A9D3FC} = {6B2AC1FF-CDE7-449C-98B8-061A5F5CE954}
		{19D8B07C-FE7A-4D34-9407-A9D435D005B8} = {144AC6F4-3633-45F3-BCAA-B91023CAB636}
		{6B2AC1FF-CDE7-449C-98B8-061A5F5CE954} = {144AC6F4-3633-45F3-BCAA-B91023CAB636}
	EndGlobalSection
	GlobalSection(ExtensibilityGlobals) = postSolution
		SolutionGuid = {5E18FCD3-0CA7-4431-A7F5-6A658BAEBE78}
	EndGlobalSection
EndGlobal
